{"alias":{"X8664_LINUX":{"go:1.24.2":"d72c05042fa757275e5bbc55cec083d76d8476f68871e694579030c4cbd9708c","grpcurl:1.9.3":"df81b13ec381e9a85b5df8826897a64eb8a5cc351c340e4e336478626be33dc9","linux-vorpal:latest":"06a90669622430959f82168d39196041e05824a30fbe5be225ec9fc36630c604","protoc-gen-go-grpc:1.70.0":"6e275f09dc234f403358ae75ded5086f1eadb0d00fef1defc6f5e8c928874de1","protoc-gen-go:1.36.3":"0ec08f1a44f3ef2145a0eb56024e8d26d7a2891316bbaf705a8ad7014b899151","protoc:25.4":"a6769e3d937ed6832f23981e2cf7f72cab43cc5510fc59c34cd73a6ebdbbebf9"}}}